{
    "_readme": [
        "This file locks the dependencies of your project to a known state",
        "Read more about it at https://getcomposer.org/doc/01-basic-usage.md#installing-dependencies",
        "This file is @generated automatically"
    ],
    "content-hash": "52e49c7795f2f7808bb12060b07e87dc",
    "packages": [
        {
            "name": "charm/error",
            "version": "1.0.0",
            "source": {
                "type": "git",
                "url": "https://bitbucket.org/ennerd/charm-error.git",
                "reference": "6beab61332a8ebdfc42dcec308f098e5d53f1575"
            },
            "dist": {
                "type": "zip",
                "url": "https://bitbucket.org/ennerd/charm-error/get/6beab61332a8ebdfc42dcec308f098e5d53f1575.zip",
                "reference": "6beab61332a8ebdfc42dcec308f098e5d53f1575",
                "shasum": ""
            },
            "type": "library",
            "autoload": {
                "psr-4": {
                    "Charm\\": "src/"
                }
            },
            "notification-url": "https://packagist.org/downloads/",
            "license": [
                "MIT"
            ],
            "authors": [
                {
                    "name": "Frode Borli",
                    "email": "frode@ennerd.com"
                }
            ],
            "description": "Just an interface, a trait and two exception classes. Ancestor of all charm/* exception classes.",
            "homepage": "https://bitbucket.org/ennerd/charm-error",
            "support": {
                "source": "https://bitbucket.org/ennerd/charm-error/src/6beab61332a8ebdfc42dcec308f098e5d53f1575/?at=1.0.0"
            },
            "time": "2021-09-09T10:36:28+00:00"
        },
        {
            "name": "charm/event",
            "version": "1.0.0",
            "source": {
                "type": "git",
                "url": "https://bitbucket.org/ennerd/charm-event.git",
                "reference": "49ccbf887506bab1483480131149c536c029c9c1"
            },
            "dist": {
                "type": "zip",
                "url": "https://bitbucket.org/ennerd/charm-event/get/49ccbf887506bab1483480131149c536c029c9c1.zip",
                "reference": "49ccbf887506bab1483480131149c536c029c9c1",
                "shasum": ""
            },
            "require": {
                "charm/error": "^1.0"
            },
            "type": "library",
            "autoload": {
                "classmap": [
                    "src/"
                ]
            },
            "notification-url": "https://packagist.org/downloads/",
            "license": [
                "MIT"
            ],
            "authors": [
                {
                    "name": "Frode Borli",
                    "email": "frode@ennerd.com"
                }
            ],
            "description": "A simple event emitter interface and a trait with the methods 'on', 'off' and 'emit'.",
            "homepage": "https://bitbucket.org/ennerd/charm-event",
            "support": {
                "source": "https://bitbucket.org/ennerd/charm-event/src/49ccbf887506bab1483480131149c536c029c9c1/?at=1.0.0"
            },
            "time": "2021-09-14T14:25:25+00:00"
        },
        {
            "name": "charm/options",
            "version": "dev-master",
            "source": {
                "type": "git",
                "url": "https://bitbucket.org/ennerd/charm-options.git",
                "reference": "a11bdda40fca0d8f6c711d8eb2d5eb8a42e91f3d"
            },
            "dist": {
                "type": "zip",
                "url": "https://bitbucket.org/ennerd/charm-options/get/a11bdda40fca0d8f6c711d8eb2d5eb8a42e91f3d.zip",
                "reference": "a11bdda40fca0d8f6c711d8eb2d5eb8a42e91f3d",
                "shasum": ""
            },
            "default-branch": true,
            "type": "library",
            "autoload": {
                "files": [
                    "AbstractOptions.php"
                ],
                "psr-4": {
                    "Charm\\Options\\": "src/"
                }
            },
            "notification-url": "https://packagist.org/downloads/",
            "license": [
                "MIT"
            ],
            "authors": [
                {
                    "name": "Frode Børli",
                    "email": "frode@ennerd.com"
                }
            ],
            "description": "A generic class for storing options while enforcing option types.",
            "homepage": "https://bitbucket.org/ennerd/charm-options",
            "support": {
                "source": "https://bitbucket.org/ennerd/charm-options/src/a11bdda40fca0d8f6c711d8eb2d5eb8a42e91f3d/?at=1.0.8"
            },
            "time": "2022-04-18T21:01:37+00:00"
        },
        {
            "name": "moebius/coroutine",
            "version": "dev-master",
            "source": {
                "type": "git",
                "url": "https://github.com/frodeborli/moebius-coroutine.git",
                "reference": "882d24d37ff450df5ce08256ab4fb935b6a9fa90"
            },
            "dist": {
                "type": "zip",
                "url": "https://api.github.com/repos/frodeborli/moebius-coroutine/zipball/882d24d37ff450df5ce08256ab4fb935b6a9fa90",
                "reference": "882d24d37ff450df5ce08256ab4fb935b6a9fa90",
                "shasum": ""
            },
            "require": {
                "charm/event": "^1.0",
                "moebius/promise": "^1.0"
            },
            "require-dev": {
                "charm/testing": "dev-master"
            },
            "suggest": {
                "moebius/async-file": "Automatically and transparently makes blocking file system operations non-blocking"
            },
            "default-branch": true,
            "type": "library",
            "autoload": {
                "files": [
                    "functions.php",
                    "exceptions.php"
                ],
                "psr-4": {
                    "Moebius\\Coroutine\\": "src/"
                },
                "classmap": [
                    "Coroutine.php"
                ]
            },
            "notification-url": "https://packagist.org/downloads/",
            "license": [
                "MIT"
            ],
            "authors": [
                {
                    "name": "Frode Børli",
                    "email": "frode@ennerd.com"
                }
            ],
            "description": "Easy to use coroutines for PHP.",
            "support": {
                "issues": "https://github.com/frodeborli/moebius-coroutine/issues",
                "source": "https://github.com/frodeborli/moebius-coroutine/tree/1.0.3-beta"
            },
            "time": "2022-04-18T20:54:29+00:00"
        },
        {
            "name": "moebius/promise",
            "version": "1.0.0-beta",
            "source": {
                "type": "git",
                "url": "https://github.com/frodeborli/moebius-promise.git",
                "reference": "2beb97a2dd5bbdf48c75ea8c4b9203558cb5924f"
            },
            "dist": {
                "type": "zip",
                "url": "https://api.github.com/repos/frodeborli/moebius-promise/zipball/2beb97a2dd5bbdf48c75ea8c4b9203558cb5924f",
                "reference": "2beb97a2dd5bbdf48c75ea8c4b9203558cb5924f",
                "shasum": ""
            },
            "require-dev": {
                "charm/testing": "dev-master"
            },
            "type": "library",
            "autoload": {
                "psr-4": {
                    "Moebius\\Promise\\": "src/"
                },
                "classmap": [
                    "Promise.php"
                ]
            },
            "notification-url": "https://packagist.org/downloads/",
            "license": [
                "MIT"
            ],
            "authors": [
                {
                    "name": "Frode Børli",
                    "email": "frode@ennerd.com"
                }
            ],
            "description": "A promise implementation for PHP.",
            "support": {
                "issues": "https://github.com/frodeborli/moebius-promise/issues",
                "source": "https://github.com/frodeborli/moebius-promise/tree/1.0.0-beta"
            },
            "time": "2022-04-18T00:53:53+00:00"
        }
    ],
    "packages-dev": [
        {
            "name": "charm/terminal",
            "version": "dev-master",
            "source": {
                "type": "git",
                "url": "https://bitbucket.org/ennerd/terminal.git",
                "reference": "af5cc7df87365e954987e1b0b4f9c3478f64897f"
            },
            "dist": {
                "type": "zip",
                "url": "https://bitbucket.org/ennerd/terminal/get/af5cc7df87365e954987e1b0b4f9c3478f64897f.zip",
                "reference": "af5cc7df87365e954987e1b0b4f9c3478f64897f",
                "shasum": ""
            },
            "require": {
                "charm/options": ">=1.0.6",
                "charm/util-phpencode": ">=1.0.2"
            },
            "default-branch": true,
            "type": "library",
            "autoload": {
                "files": [
                    "functions.php"
                ],
                "psr-4": {
                    "Charm\\Terminal\\": "src/"
                },
                "classmap": [
                    "Terminal.php"
                ]
            },
            "notification-url": "https://packagist.org/downloads/",
            "license": [
                "MIT"
            ],
            "authors": [
                {
                    "name": "Frode Børli",
                    "email": "frode@ennerd.com"
                }
            ],
            "description": "Organized and colorful command line output through a simple markup language.",
            "homepage": "https://bitbucket.org/ennerd/terminal",
            "support": {
                "source": "https://bitbucket.org/ennerd/terminal/src/af5cc7df87365e954987e1b0b4f9c3478f64897f/?at=master"
            },
            "time": "2022-04-08T20:40:39+00:00"
        },
        {
            "name": "charm/testing",
            "version": "dev-master",
            "source": {
                "type": "git",
                "url": "https://bitbucket.org/ennerd/charm-testing.git",
                "reference": "389cdbb3a0a997459605a24204a59423b5f006ee"
            },
            "dist": {
                "type": "zip",
                "url": "https://bitbucket.org/ennerd/charm-testing/get/389cdbb3a0a997459605a24204a59423b5f006ee.zip",
                "reference": "389cdbb3a0a997459605a24204a59423b5f006ee",
                "shasum": ""
            },
            "require": {
                "charm/terminal": ">=1.0.6",
                "charm/util-phpencode": "^1.0"
            },
            "default-branch": true,
            "bin": [
                "bin/charm-testing"
            ],
            "type": "library",
            "autoload": {
                "psr-4": {
                    "Charm\\Testing\\": "src/"
                }
            },
            "notification-url": "https://packagist.org/downloads/",
            "license": [
                "MIT"
            ],
            "authors": [
                {
                    "name": "Frode Børli",
                    "email": "frode@ennerd.com"
                }
            ],
            "description": "A tool for running regression and unit testing with very little scaffolding.",
            "homepage": "https://bitbucket.org/ennerd/charm-testing",
            "support": {
                "source": "https://bitbucket.org/ennerd/charm-testing/src/389cdbb3a0a997459605a24204a59423b5f006ee/?at=0.0.9"
            },
            "time": "2022-04-08T20:41:52+00:00"
        },
        {
            "name": "charm/util-phpencode",
            "version": "1.0.2",
            "source": {
                "type": "git",
                "url": "https://bitbucket.org/ennerd/charm-util-phpencode.git",
                "reference": "3d7d03532b8ce769618554581f21de4881ccd5f1"
            },
            "dist": {
                "type": "zip",
                "url": "https://bitbucket.org/ennerd/charm-util-phpencode/get/3d7d03532b8ce769618554581f21de4881ccd5f1.zip",
                "reference": "3d7d03532b8ce769618554581f21de4881ccd5f1",
                "shasum": ""
            },
            "type": "library",
            "autoload": {
                "files": [
                    "php-encode.php"
                ]
            },
            "notification-url": "https://packagist.org/downloads/",
            "license": [
                "MIT"
            ],
            "authors": [
                {
                    "name": "Frode Børli",
                    "email": "frode@ennerd.com"
                }
            ],
            "description": "A small function that encodes compact PHP arrays, like json_encode - but for PHP arrays.",
            "homepage": "https://bitbucket.org/ennerd/charm-util-phpencode",
            "support": {
                "source": "https://bitbucket.org/ennerd/charm-util-phpencode/src/3d7d03532b8ce769618554581f21de4881ccd5f1/?at=1.0.2"
            },
            "time": "2022-01-08T23:51:01+00:00"
        }
    ],
    "aliases": [],
    "minimum-stability": "dev",
    "stability-flags": {
        "moebius/coroutine": 20
    },
    "prefer-stable": false,
    "prefer-lowest": false,
    "platform": [],
    "platform-dev": [],
    "plugin-api-version": "2.2.0"
}
